{
  "name": "torch-rechub",
  "lockfileVersion": 3,
  "requires": true,
  "packages": {
    "": {
      "dependencies": {
        "vitepress-plugin-image-viewer": "^1.1.6"
      }
    },
    "node_modules/viewerjs": {
      "version": "1.11.7",
      "resolved": "https://registry.npmjs.org/viewerjs/-/viewerjs-1.11.7.tgz",
      "integrity": "sha512-0JuVqOmL5v1jmEAlG5EBDR3XquxY8DWFQbFMprOXgaBB0F7Q/X9xWdEaQc59D8xzwkdUgXEMSSknTpriq95igg==",
      "license": "MIT"
    },
    "node_modules/vitepress-plugin-image-viewer": {
      "version": "1.1.6",
      "resolved": "https://registry.npmjs.org/vitepress-plugin-image-viewer/-/vitepress-plugin-image-viewer-1.1.6.tgz",
      "integrity": "sha512-ZfYy1s/bXju6vGVsE/5gPXT449+KaXZ6ZIPAvcmPM07VmC7Bv57bCvFar2II7C2EjexxfPQsxUh70vSBbe14kQ==",
      "license": "MIT",
      "dependencies": {
        "viewerjs": "^1.11.6"
      }
    }
  }
}
